PATH
  remote: .
  specs:
    power-bi (2.6.1)
      faraday (~> 2.0)
      faraday-multipart
      faraday-retry

GEM
  remote: https://rubygems.org/
  specs:
    addressable (2.9.0)
      public_suffix (>= 2.0.2, < 8.0)
    bigdecimal (4.1.2)
    byebug (11.1.3)
    coderay (1.1.3)
    crack (1.0.1)
      bigdecimal
      rexml
    faraday (2.14.2)
      faraday-net_http (>= 2.0, < 3.5)
      json
      logger
    faraday-multipart (1.0.4)
      multipart-post (~> 2)
    faraday-net_http (3.4.4)
      net-http (~> 0.5)
    faraday-retry (2.4.0)
      faraday (~> 2.0)
    hashdiff (1.2.1)
    hashie (5.0.0)
    json (2.19.9)
    jwt (2.5.0)
    logger (1.7.0)
    method_source (1.0.0)
    multi_xml (0.6.0)
    multipart-post (2.2.3)
    net-http (0.9.1)
      uri (>= 0.11.1)
    oauth2 (2.0.8)
      faraday (>= 0.17.3, < 3.0)
      jwt (>= 1.0, < 3.0)
      multi_xml (~> 0.5)
      rack (>= 1.2, < 3)
      snaky_hash (~> 2.0)
      version_gem (~> 1.1)
    pry (0.14.1)
      coderay (~> 1.1)
      method_source (~> 1.0)
    pry-byebug (3.10.1)
      byebug (~> 11.0)
      pry (>= 0.13, < 0.15)
    public_suffix (7.0.5)
    rack (2.2.4)
    rexml (3.4.4)
    snaky_hash (2.0.0)
      hashie
      version_gem (~> 1.1)
    uri (1.1.1)
    version_gem (1.1.0)
    webmock (3.26.2)
      addressable (>= 2.8.0)
      crack (>= 0.3.2)
      hashdiff (>= 0.4.0, < 2.0.0)

PLATFORMS
  ruby

DEPENDENCIES
  oauth2
  power-bi!
  pry
  pry-byebug
  webmock (~> 3.0)

BUNDLED WITH
   2.4.7
